
Microsoft Visual Studio Solution File, Format Version 12.00
# Visual Studio 2012
Project("{FAE04EC0-301F-11D3-BF4B-00C04F79EFBC}") = "HomeHelper", "HomeHelper\HomeHelper.csproj", "{F09BABE8-BD51-4645-A7F8-9E580BF226DB}"
	GlobalSection(PlasticSccProperties) = preSolution
		ControlledByPlastic = True
		SccProvider = Plastic SCM
	EndGlobalSection
EndProject
Project("{FAE04EC0-301F-11D3-BF4B-00C04F79EFBC}") = "TestHomeHelper", "TestHomeHelper\TestHomeHelper.csproj", "{B258D2D4-5965-4C7F-A2C9-9F5845A42C3B}"
	GlobalSection(PlasticSccProperties) = preSolution
		ControlledByPlastic = True
		SccProvider = Plastic SCM
	EndGlobalSection
EndProject
Project("{FAE04EC0-301F-11D3-BF4B-00C04F79EFBC}") = "HomeHelperPhone", "HomeHelperPhone\HomeHelperPhone.csproj", "{B6CE6166-9E2D-46D1-B766-FF120D149F41}"
	GlobalSection(PlasticSccProperties) = preSolution
		ControlledByPlastic = True
		SccProvider = Plastic SCM
	EndGlobalSection
EndProject
Project("{8BC9CEB8-8B4A-11D0-8D11-00A0C91BC942}") = "Sqlite", "sqlite-net-wp8-master\Sqlite.vcxproj", "{59B35F6C-E062-4F0E-88D8-13F3F82A24F3}"
	GlobalSection(PlasticSccProperties) = preSolution
		ControlledByPlastic = True
		SccProvider = Plastic SCM
	EndGlobalSection
EndProject
Global
	GlobalSection(PlasticSccProperties) = preSolution
		ControlledByPlastic = True
		SccProvider = Plastic SCM
	EndGlobalSection
	GlobalSection(SolutionConfigurationPlatforms) = preSolution
		Debug|Any CPU = Debug|Any CPU
		Debug|ARM = Debug|ARM
		Debug|Mixed Platforms = Debug|Mixed Platforms
		Debug|Win32 = Debug|Win32
		Debug|x64 = Debug|x64
		Debug|x86 = Debug|x86
		Release|Any CPU = Release|Any CPU
		Release|ARM = Release|ARM
		Release|Mixed Platforms = Release|Mixed Platforms
		Release|Win32 = Release|Win32
		Release|x64 = Release|x64
		Release|x86 = Release|x86
	EndGlobalSection
	GlobalSection(ProjectConfigurationPlatforms) = postSolution
		{F09BABE8-BD51-4645-A7F8-9E580BF226DB}.Debug|Any CPU.ActiveCfg = Debug|x86
		{F09BABE8-BD51-4645-A7F8-9E580BF226DB}.Debug|Any CPU.Build.0 = Debug|x86
		{F09BABE8-BD51-4645-A7F8-9E580BF226DB}.Debug|Any CPU.Deploy.0 = Debug|x86
		{F09BABE8-BD51-4645-A7F8-9E580BF226DB}.Debug|ARM.ActiveCfg = Debug|ARM
		{F09BABE8-BD51-4645-A7F8-9E580BF226DB}.Debug|ARM.Build.0 = Debug|ARM
		{F09BABE8-BD51-4645-A7F8-9E580BF226DB}.Debug|ARM.Deploy.0 = Debug|ARM
		{F09BABE8-BD51-4645-A7F8-9E580BF226DB}.Debug|Mixed Platforms.ActiveCfg = Debug|x86
		{F09BABE8-BD51-4645-A7F8-9E580BF226DB}.Debug|Mixed Platforms.Build.0 = Debug|x86
		{F09BABE8-BD51-4645-A7F8-9E580BF226DB}.Debug|Mixed Platforms.Deploy.0 = Debug|x86
		{F09BABE8-BD51-4645-A7F8-9E580BF226DB}.Debug|Win32.ActiveCfg = Debug|x86
		{F09BABE8-BD51-4645-A7F8-9E580BF226DB}.Debug|Win32.Build.0 = Debug|x86
		{F09BABE8-BD51-4645-A7F8-9E580BF226DB}.Debug|Win32.Deploy.0 = Debug|x86
		{F09BABE8-BD51-4645-A7F8-9E580BF226DB}.Debug|x64.ActiveCfg = Debug|x64
		{F09BABE8-BD51-4645-A7F8-9E580BF226DB}.Debug|x64.Build.0 = Debug|x64
		{F09BABE8-BD51-4645-A7F8-9E580BF226DB}.Debug|x64.Deploy.0 = Debug|x64
		{F09BABE8-BD51-4645-A7F8-9E580BF226DB}.Debug|x86.ActiveCfg = Debug|x86
		{F09BABE8-BD51-4645-A7F8-9E580BF226DB}.Debug|x86.Build.0 = Debug|x86
		{F09BABE8-BD51-4645-A7F8-9E580BF226DB}.Debug|x86.Deploy.0 = Debug|x86
		{F09BABE8-BD51-4645-A7F8-9E580BF226DB}.Release|Any CPU.ActiveCfg = Release|Any CPU
		{F09BABE8-BD51-4645-A7F8-9E580BF226DB}.Release|Any CPU.Build.0 = Release|Any CPU
		{F09BABE8-BD51-4645-A7F8-9E580BF226DB}.Release|Any CPU.Deploy.0 = Release|Any CPU
		{F09BABE8-BD51-4645-A7F8-9E580BF226DB}.Release|ARM.ActiveCfg = Release|ARM
		{F09BABE8-BD51-4645-A7F8-9E580BF226DB}.Release|ARM.Build.0 = Release|ARM
		{F09BABE8-BD51-4645-A7F8-9E580BF226DB}.Release|ARM.Deploy.0 = Release|ARM
		{F09BABE8-BD51-4645-A7F8-9E580BF226DB}.Release|Mixed Platforms.ActiveCfg = Release|x86
		{F09BABE8-BD51-4645-A7F8-9E580BF226DB}.Release|Mixed Platforms.Build.0 = Release|x86
		{F09BABE8-BD51-4645-A7F8-9E580BF226DB}.Release|Mixed Platforms.Deploy.0 = Release|x86
		{F09BABE8-BD51-4645-A7F8-9E580BF226DB}.Release|Win32.ActiveCfg = Release|x86
		{F09BABE8-BD51-4645-A7F8-9E580BF226DB}.Release|Win32.Build.0 = Release|x86
		{F09BABE8-BD51-4645-A7F8-9E580BF226DB}.Release|Win32.Deploy.0 = Release|x86
		{F09BABE8-BD51-4645-A7F8-9E580BF226DB}.Release|x64.ActiveCfg = Release|x64
		{F09BABE8-BD51-4645-A7F8-9E580BF226DB}.Release|x64.Build.0 = Release|x64
		{F09BABE8-BD51-4645-A7F8-9E580BF226DB}.Release|x64.Deploy.0 = Release|x64
		{F09BABE8-BD51-4645-A7F8-9E580BF226DB}.Release|x86.ActiveCfg = Release|x86
		{F09BABE8-BD51-4645-A7F8-9E580BF226DB}.Release|x86.Build.0 = Release|x86
		{F09BABE8-BD51-4645-A7F8-9E580BF226DB}.Release|x86.Deploy.0 = Release|x86
		{B258D2D4-5965-4C7F-A2C9-9F5845A42C3B}.Debug|Any CPU.ActiveCfg = Debug|x86
		{B258D2D4-5965-4C7F-A2C9-9F5845A42C3B}.Debug|Any CPU.Build.0 = Debug|x86
		{B258D2D4-5965-4C7F-A2C9-9F5845A42C3B}.Debug|Any CPU.Deploy.0 = Debug|x86
		{B258D2D4-5965-4C7F-A2C9-9F5845A42C3B}.Debug|ARM.ActiveCfg = Debug|ARM
		{B258D2D4-5965-4C7F-A2C9-9F5845A42C3B}.Debug|ARM.Build.0 = Debug|ARM
		{B258D2D4-5965-4C7F-A2C9-9F5845A42C3B}.Debug|ARM.Deploy.0 = Debug|ARM
		{B258D2D4-5965-4C7F-A2C9-9F5845A42C3B}.Debug|Mixed Platforms.ActiveCfg = Debug|x86
		{B258D2D4-5965-4C7F-A2C9-9F5845A42C3B}.Debug|Mixed Platforms.Build.0 = Debug|x86
		{B258D2D4-5965-4C7F-A2C9-9F5845A42C3B}.Debug|Mixed Platforms.Deploy.0 = Debug|x86
		{B258D2D4-5965-4C7F-A2C9-9F5845A42C3B}.Debug|Win32.ActiveCfg = Debug|x86
		{B258D2D4-5965-4C7F-A2C9-9F5845A42C3B}.Debug|Win32.Build.0 = Debug|x86
		{B258D2D4-5965-4C7F-A2C9-9F5845A42C3B}.Debug|Win32.Deploy.0 = Debug|x86
		{B258D2D4-5965-4C7F-A2C9-9F5845A42C3B}.Debug|x64.ActiveCfg = Debug|x64
		{B258D2D4-5965-4C7F-A2C9-9F5845A42C3B}.Debug|x64.Build.0 = Debug|x64
		{B258D2D4-5965-4C7F-A2C9-9F5845A42C3B}.Debug|x64.Deploy.0 = Debug|x64
		{B258D2D4-5965-4C7F-A2C9-9F5845A42C3B}.Debug|x86.ActiveCfg = Debug|x86
		{B258D2D4-5965-4C7F-A2C9-9F5845A42C3B}.Debug|x86.Build.0 = Debug|x86
		{B258D2D4-5965-4C7F-A2C9-9F5845A42C3B}.Debug|x86.Deploy.0 = Debug|x86
		{B258D2D4-5965-4C7F-A2C9-9F5845A42C3B}.Release|Any CPU.ActiveCfg = Release|Any CPU
		{B258D2D4-5965-4C7F-A2C9-9F5845A42C3B}.Release|Any CPU.Build.0 = Release|Any CPU
		{B258D2D4-5965-4C7F-A2C9-9F5845A42C3B}.Release|Any CPU.Deploy.0 = Release|Any CPU
		{B258D2D4-5965-4C7F-A2C9-9F5845A42C3B}.Release|ARM.ActiveCfg = Release|ARM
		{B258D2D4-5965-4C7F-A2C9-9F5845A42C3B}.Release|ARM.Build.0 = Release|ARM
		{B258D2D4-5965-4C7F-A2C9-9F5845A42C3B}.Release|ARM.Deploy.0 = Release|ARM
		{B258D2D4-5965-4C7F-A2C9-9F5845A42C3B}.Release|Mixed Platforms.ActiveCfg = Release|x86
		{B258D2D4-5965-4C7F-A2C9-9F5845A42C3B}.Release|Mixed Platforms.Build.0 = Release|x86
		{B258D2D4-5965-4C7F-A2C9-9F5845A42C3B}.Release|Mixed Platforms.Deploy.0 = Release|x86
		{B258D2D4-5965-4C7F-A2C9-9F5845A42C3B}.Release|Win32.ActiveCfg = Release|x86
		{B258D2D4-5965-4C7F-A2C9-9F5845A42C3B}.Release|Win32.Build.0 = Release|x86
		{B258D2D4-5965-4C7F-A2C9-9F5845A42C3B}.Release|Win32.Deploy.0 = Release|x86
		{B258D2D4-5965-4C7F-A2C9-9F5845A42C3B}.Release|x64.ActiveCfg = Release|x64
		{B258D2D4-5965-4C7F-A2C9-9F5845A42C3B}.Release|x64.Build.0 = Release|x64
		{B258D2D4-5965-4C7F-A2C9-9F5845A42C3B}.Release|x64.Deploy.0 = Release|x64
		{B258D2D4-5965-4C7F-A2C9-9F5845A42C3B}.Release|x86.ActiveCfg = Release|x86
		{B258D2D4-5965-4C7F-A2C9-9F5845A42C3B}.Release|x86.Build.0 = Release|x86
		{B258D2D4-5965-4C7F-A2C9-9F5845A42C3B}.Release|x86.Deploy.0 = Release|x86
		{B6CE6166-9E2D-46D1-B766-FF120D149F41}.Debug|Any CPU.ActiveCfg = Debug|Any CPU
		{B6CE6166-9E2D-46D1-B766-FF120D149F41}.Debug|Any CPU.Build.0 = Debug|Any CPU
		{B6CE6166-9E2D-46D1-B766-FF120D149F41}.Debug|Any CPU.Deploy.0 = Debug|Any CPU
		{B6CE6166-9E2D-46D1-B766-FF120D149F41}.Debug|ARM.ActiveCfg = Debug|ARM
		{B6CE6166-9E2D-46D1-B766-FF120D149F41}.Debug|ARM.Build.0 = Debug|ARM
		{B6CE6166-9E2D-46D1-B766-FF120D149F41}.Debug|ARM.Deploy.0 = Debug|ARM
		{B6CE6166-9E2D-46D1-B766-FF120D149F41}.Debug|Mixed Platforms.ActiveCfg = Debug|ARM
		{B6CE6166-9E2D-46D1-B766-FF120D149F41}.Debug|Mixed Platforms.Build.0 = Debug|ARM
		{B6CE6166-9E2D-46D1-B766-FF120D149F41}.Debug|Mixed Platforms.Deploy.0 = Debug|ARM
		{B6CE6166-9E2D-46D1-B766-FF120D149F41}.Debug|Win32.ActiveCfg = Debug|x86
		{B6CE6166-9E2D-46D1-B766-FF120D149F41}.Debug|Win32.Build.0 = Debug|x86
		{B6CE6166-9E2D-46D1-B766-FF120D149F41}.Debug|Win32.Deploy.0 = Debug|x86
		{B6CE6166-9E2D-46D1-B766-FF120D149F41}.Debug|x64.ActiveCfg = Debug|Any CPU
		{B6CE6166-9E2D-46D1-B766-FF120D149F41}.Debug|x86.ActiveCfg = Debug|x86
		{B6CE6166-9E2D-46D1-B766-FF120D149F41}.Debug|x86.Build.0 = Debug|x86
		{B6CE6166-9E2D-46D1-B766-FF120D149F41}.Debug|x86.Deploy.0 = Debug|x86
		{B6CE6166-9E2D-46D1-B766-FF120D149F41}.Release|Any CPU.ActiveCfg = Release|Any CPU
		{B6CE6166-9E2D-46D1-B766-FF120D149F41}.Release|Any CPU.Build.0 = Release|Any CPU
		{B6CE6166-9E2D-46D1-B766-FF120D149F41}.Release|Any CPU.Deploy.0 = Release|Any CPU
		{B6CE6166-9E2D-46D1-B766-FF120D149F41}.Release|ARM.ActiveCfg = Release|ARM
		{B6CE6166-9E2D-46D1-B766-FF120D149F41}.Release|ARM.Build.0 = Release|ARM
		{B6CE6166-9E2D-46D1-B766-FF120D149F41}.Release|ARM.Deploy.0 = Release|ARM
		{B6CE6166-9E2D-46D1-B766-FF120D149F41}.Release|Mixed Platforms.ActiveCfg = Release|x86
		{B6CE6166-9E2D-46D1-B766-FF120D149F41}.Release|Mixed Platforms.Build.0 = Release|x86
		{B6CE6166-9E2D-46D1-B766-FF120D149F41}.Release|Mixed Platforms.Deploy.0 = Release|x86
		{B6CE6166-9E2D-46D1-B766-FF120D149F41}.Release|Win32.ActiveCfg = Release|x86
		{B6CE6166-9E2D-46D1-B766-FF120D149F41}.Release|Win32.Build.0 = Release|x86
		{B6CE6166-9E2D-46D1-B766-FF120D149F41}.Release|Win32.Deploy.0 = Release|x86
		{B6CE6166-9E2D-46D1-B766-FF120D149F41}.Release|x64.ActiveCfg = Release|Any CPU
		{B6CE6166-9E2D-46D1-B766-FF120D149F41}.Release|x86.ActiveCfg = Release|x86
		{B6CE6166-9E2D-46D1-B766-FF120D149F41}.Release|x86.Build.0 = Release|x86
		{B6CE6166-9E2D-46D1-B766-FF120D149F41}.Release|x86.Deploy.0 = Release|x86
		{59B35F6C-E062-4F0E-88D8-13F3F82A24F3}.Debug|Any CPU.ActiveCfg = Debug|Win32
		{59B35F6C-E062-4F0E-88D8-13F3F82A24F3}.Debug|ARM.ActiveCfg = Debug|ARM
		{59B35F6C-E062-4F0E-88D8-13F3F82A24F3}.Debug|ARM.Build.0 = Debug|ARM
		{59B35F6C-E062-4F0E-88D8-13F3F82A24F3}.Debug|Mixed Platforms.ActiveCfg = Debug|ARM
		{59B35F6C-E062-4F0E-88D8-13F3F82A24F3}.Debug|Mixed Platforms.Build.0 = Debug|ARM
		{59B35F6C-E062-4F0E-88D8-13F3F82A24F3}.Debug|Win32.ActiveCfg = Debug|Win32
		{59B35F6C-E062-4F0E-88D8-13F3F82A24F3}.Debug|Win32.Build.0 = Debug|Win32
		{59B35F6C-E062-4F0E-88D8-13F3F82A24F3}.Debug|x64.ActiveCfg = Debug|Win32
		{59B35F6C-E062-4F0E-88D8-13F3F82A24F3}.Debug|x86.ActiveCfg = Debug|Win32
		{59B35F6C-E062-4F0E-88D8-13F3F82A24F3}.Debug|x86.Build.0 = Debug|Win32
		{59B35F6C-E062-4F0E-88D8-13F3F82A24F3}.Release|Any CPU.ActiveCfg = Release|Win32
		{59B35F6C-E062-4F0E-88D8-13F3F82A24F3}.Release|ARM.ActiveCfg = Release|ARM
		{59B35F6C-E062-4F0E-88D8-13F3F82A24F3}.Release|ARM.Build.0 = Release|ARM
		{59B35F6C-E062-4F0E-88D8-13F3F82A24F3}.Release|Mixed Platforms.ActiveCfg = Release|Win32
		{59B35F6C-E062-4F0E-88D8-13F3F82A24F3}.Release|Mixed Platforms.Build.0 = Release|Win32
		{59B35F6C-E062-4F0E-88D8-13F3F82A24F3}.Release|Win32.ActiveCfg = Release|Win32
		{59B35F6C-E062-4F0E-88D8-13F3F82A24F3}.Release|Win32.Build.0 = Release|Win32
		{59B35F6C-E062-4F0E-88D8-13F3F82A24F3}.Release|x64.ActiveCfg = Release|Win32
		{59B35F6C-E062-4F0E-88D8-13F3F82A24F3}.Release|x86.ActiveCfg = Release|Win32
		{59B35F6C-E062-4F0E-88D8-13F3F82A24F3}.Release|x86.Build.0 = Release|Win32
	EndGlobalSection
	GlobalSection(SolutionProperties) = preSolution
		HideSolutionNode = FALSE
	EndGlobalSection
	GlobalSection(MonoDevelopProperties) = preSolution
		StartupItem = tests\SQLite.Tests.csproj
	EndGlobalSection
EndGlobal
